
Microsoft Visual Studio Solution File, Format Version 12.00
# Visual Studio Version 17
VisualStudioVersion = 17.13.35825.156 d17.13
MinimumVisualStudioVersion = 10.0.40219.1
Project("{8BC9CEB8-8B4A-11D0-8D11-00A0C91BC942}") = "알고리즘 9주차", "알고리즘 9주차\알고리즘 9주차.vcxproj", "{95F10E3A-16D0-4649-BF30-4F880850E577}"
EndProject
Global
	GlobalSection(SolutionConfigurationPlatforms) = preSolution
		Debug|x64 = Debug|x64
		Debug|x86 = Debug|x86
		Release|x64 = Release|x64
		Release|x86 = Release|x86
	EndGlobalSection
	GlobalSection(ProjectConfigurationPlatforms) = postSolution
		{95F10E3A-16D0-4649-BF30-4F880850E577}.Debug|x64.ActiveCfg = Debug|x64
		{95F10E3A-16D0-4649-BF30-4F880850E577}.Debug|x64.Build.0 = Debug|x64
		{95F10E3A-16D0-4649-BF30-4F880850E577}.Debug|x86.ActiveCfg = Debug|Win32
		{95F10E3A-16D0-4649-BF30-4F880850E577}.Debug|x86.Build.0 = Debug|Win32
		{95F10E3A-16D0-4649-BF30-4F880850E577}.Release|x64.ActiveCfg = Release|x64
		{95F10E3A-16D0-4649-BF30-4F880850E577}.Release|x64.Build.0 = Release|x64
		{95F10E3A-16D0-4649-BF30-4F880850E577}.Release|x86.ActiveCfg = Release|Win32
		{95F10E3A-16D0-4649-BF30-4F880850E577}.Release|x86.Build.0 = Release|Win32
	EndGlobalSection
	GlobalSection(SolutionProperties) = preSolution
		HideSolutionNode = FALSE
	EndGlobalSection
	GlobalSection(ExtensibilityGlobals) = postSolution
		SolutionGuid = {12B5BD38-2978-4ED1-988F-BE2E2B5FE25D}
	EndGlobalSection
EndGlobal
